
Microsoft Visual Studio Solution File, Format Version 12.00
# Visual Studio Version 17
VisualStudioVersion = 17.0.31612.314
MinimumVisualStudioVersion = 10.0.40219.1
Project("{FAE04EC0-301F-11D3-BF4B-00C04F79EFBC}") = "FunctionApp1", "FunctionApp1\FunctionApp1.csproj", "{1D142DB4-8F7C-460B-9C4F-1D4861E63CCB}"
EndProject
Global
	GlobalSection(SolutionConfigurationPlatforms) = preSolution
		Debug|Any CPU = Debug|Any CPU
		Release|Any CPU = Release|Any CPU
	EndGlobalSection
	GlobalSection(ProjectConfigurationPlatforms) = postSolution
		{1D142DB4-8F7C-460B-9C4F-1D4861E63CCB}.Debug|Any CPU.ActiveCfg = Debug|Any CPU
		{1D142DB4-8F7C-460B-9C4F-1D4861E63CCB}.Debug|Any CPU.Build.0 = Debug|Any CPU
		{1D142DB4-8F7C-460B-9C4F-1D4861E63CCB}.Release|Any CPU.ActiveCfg = Release|Any CPU
		{1D142DB4-8F7C-460B-9C4F-1D4861E63CCB}.Release|Any CPU.Build.0 = Release|Any CPU
	EndGlobalSection
	GlobalSection(SolutionProperties) = preSolution
		HideSolutionNode = FALSE
	EndGlobalSection
	GlobalSection(ExtensibilityGlobals) = postSolution
		SolutionGuid = {5F0DB662-060B-4534-B64C-CC153C814AA9}
	EndGlobalSection
EndGlobal
